
Microsoft Visual Studio Solution File, Format Version 12.00
# Visual Studio Version 17
VisualStudioVersion = 17.0.31919.166
MinimumVisualStudioVersion = 10.0.40219.1
Project("{FAE04EC0-301F-11D3-BF4B-00C04F79EFBC}") = "WinFormsApp1", "WinFormsApp1\WinFormsApp1.csproj", "{AC348BBE-E2A8-4B69-B6EA-8E8374E870BA}"
EndProject
Global
	GlobalSection(SolutionConfigurationPlatforms) = preSolution
		Debug|Any CPU = Debug|Any CPU
		Release|Any CPU = Release|Any CPU
	EndGlobalSection
	GlobalSection(ProjectConfigurationPlatforms) = postSolution
		{AC348BBE-E2A8-4B69-B6EA-8E8374E870BA}.Debug|Any CPU.ActiveCfg = Debug|Any CPU
		{AC348BBE-E2A8-4B69-B6EA-8E8374E870BA}.Debug|Any CPU.Build.0 = Debug|Any CPU
		{AC348BBE-E2A8-4B69-B6EA-8E8374E870BA}.Release|Any CPU.ActiveCfg = Release|Any CPU
		{AC348BBE-E2A8-4B69-B6EA-8E8374E870BA}.Release|Any CPU.Build.0 = Release|Any CPU
	EndGlobalSection
	GlobalSection(SolutionProperties) = preSolution
		HideSolutionNode = FALSE
	EndGlobalSection
	GlobalSection(ExtensibilityGlobals) = postSolution
		SolutionGuid = {B953F429-F913-47B7-BAE0-3376E1AB4EC8}
	EndGlobalSection
EndGlobal
